
Microsoft Visual Studio Solution File, Format Version 12.00
# Visual Studio 14
VisualStudioVersion = 14.0.25420.1
MinimumVisualStudioVersion = 10.0.40219.1
Project("{FAE04EC0-301F-11D3-BF4B-00C04F79EFBC}") = "COMP2614FinalExam", "COMP2614FinalExam\COMP2614FinalExam.csproj", "{AA48511A-B7B7-4143-99E3-C6922B7F8FF7}"
EndProject
Project("{FAE04EC0-301F-11D3-BF4B-00C04F79EFBC}") = "BusinessLibrary", "BusinessLibrary\BusinessLibrary.csproj", "{51CDF4D3-2B33-490A-B598-054EC32FDE4F}"
EndProject
Global
	GlobalSection(SolutionConfigurationPlatforms) = preSolution
		Debug|Any CPU = Debug|Any CPU
		Release|Any CPU = Release|Any CPU
	EndGlobalSection
	GlobalSection(ProjectConfigurationPlatforms) = postSolution
		{AA48511A-B7B7-4143-99E3-C6922B7F8FF7}.Debug|Any CPU.ActiveCfg = Debug|Any CPU
		{AA48511A-B7B7-4143-99E3-C6922B7F8FF7}.Debug|Any CPU.Build.0 = Debug|Any CPU
		{AA48511A-B7B7-4143-99E3-C6922B7F8FF7}.Release|Any CPU.ActiveCfg = Release|Any CPU
		{AA48511A-B7B7-4143-99E3-C6922B7F8FF7}.Release|Any CPU.Build.0 = Release|Any CPU
		{51CDF4D3-2B33-490A-B598-054EC32FDE4F}.Debug|Any CPU.ActiveCfg = Debug|Any CPU
		{51CDF4D3-2B33-490A-B598-054EC32FDE4F}.Debug|Any CPU.Build.0 = Debug|Any CPU
		{51CDF4D3-2B33-490A-B598-054EC32FDE4F}.Release|Any CPU.ActiveCfg = Release|Any CPU
		{51CDF4D3-2B33-490A-B598-054EC32FDE4F}.Release|Any CPU.Build.0 = Release|Any CPU
	EndGlobalSection
	GlobalSection(SolutionProperties) = preSolution
		HideSolutionNode = FALSE
	EndGlobalSection
EndGlobal
